
Microsoft Visual Studio Solution File, Format Version 12.00
# Visual Studio Version 16
VisualStudioVersion = 16.0.32602.291
MinimumVisualStudioVersion = 10.0.40219.1
Project("{FAE04EC0-301F-11D3-BF4B-00C04F79EFBC}") = "Barber", "Barber\Barber.csproj", "{548DDE96-2FCD-42C2-8CC3-A03697886810}"
EndProject
Global
	GlobalSection(SolutionConfigurationPlatforms) = preSolution
		Debug|Any CPU = Debug|Any CPU
		Release|Any CPU = Release|Any CPU
	EndGlobalSection
	GlobalSection(ProjectConfigurationPlatforms) = postSolution
		{548DDE96-2FCD-42C2-8CC3-A03697886810}.Debug|Any CPU.ActiveCfg = Debug|Any CPU
		{548DDE96-2FCD-42C2-8CC3-A03697886810}.Debug|Any CPU.Build.0 = Debug|Any CPU
		{548DDE96-2FCD-42C2-8CC3-A03697886810}.Release|Any CPU.ActiveCfg = Release|Any CPU
		{548DDE96-2FCD-42C2-8CC3-A03697886810}.Release|Any CPU.Build.0 = Release|Any CPU
	EndGlobalSection
	GlobalSection(SolutionProperties) = preSolution
		HideSolutionNode = FALSE
	EndGlobalSection
	GlobalSection(ExtensibilityGlobals) = postSolution
		SolutionGuid = {FA3761A7-2A5F-435F-B194-0275BA9C4480}
	EndGlobalSection
EndGlobal
